
Microsoft Visual Studio Solution File, Format Version 12.00
# Visual Studio Version 17
VisualStudioVersion = 17.0.32112.339
MinimumVisualStudioVersion = 10.0.40219.1
Project("{2150E333-8FDC-42A3-9474-1A3956D46DE8}") = "Solution Items", "Solution Items", "{34731051-2FBC-4E2D-894F-22C000465026}"
	ProjectSection(SolutionItems) = preProject
		src\docker-compose.override.yml = src\docker-compose.override.yml
		src\docker-compose.yml = src\docker-compose.yml
		global.json = global.json
		README.md = README.md
	EndProjectSection
EndProject
Project("{2150E333-8FDC-42A3-9474-1A3956D46DE8}") = "src", "src", "{660E5F04-7CF6-46BF-A041-570A53AA8B94}"
EndProject
Project("{2150E333-8FDC-42A3-9474-1A3956D46DE8}") = "test", "test", "{DFCE547A-C0C0-4C13-876E-D8113988D432}"
EndProject
Project("{2150E333-8FDC-42A3-9474-1A3956D46DE8}") = "ApiGateways", "ApiGateways", "{3ECC9F6E-95C6-4D53-8C0D-A399128C9878}"
EndProject
Project("{2150E333-8FDC-42A3-9474-1A3956D46DE8}") = "BuildingBlocks", "BuildingBlocks", "{C118B541-2674-4F08-A833-E6986CFD4187}"
EndProject
Project("{2150E333-8FDC-42A3-9474-1A3956D46DE8}") = "Services", "Services", "{AB149671-8AE5-49D2-9901-8EB72FFA64E6}"
EndProject
Project("{2150E333-8FDC-42A3-9474-1A3956D46DE8}") = "WebApps", "WebApps", "{69814212-5ABA-4A6B-AA22-36ECCE9FFF43}"
EndProject
Project("{9A19103F-16F7-4668-BE54-9A1E7A4F7556}") = "Common.Logging", "src\BuildingBlocks\Common.Logging\Common.Logging.csproj", "{C831E381-E5C7-493E-98EB-FF22D15CDC06}"
EndProject
Project("{9A19103F-16F7-4668-BE54-9A1E7A4F7556}") = "WebHealthStatus", "src\WebApps\WebHealthStatus\WebHealthStatus.csproj", "{26488D5B-96C2-4A6D-9A28-065A7E2602AF}"
EndProject
Project("{2150E333-8FDC-42A3-9474-1A3956D46DE8}") = "Basket", "Basket", "{28769F4F-271B-42E6-B7BE-727079F9508A}"
EndProject
Project("{2150E333-8FDC-42A3-9474-1A3956D46DE8}") = "Customer", "Customer", "{D4D1857A-90E1-46C6-907C-1FE5183490BA}"
EndProject
Project("{2150E333-8FDC-42A3-9474-1A3956D46DE8}") = "Inventory", "Inventory", "{7DDD60A6-11F0-4AED-BED3-12E89805C406}"
EndProject
Project("{2150E333-8FDC-42A3-9474-1A3956D46DE8}") = "Ordering", "Ordering", "{D85E7259-2E0B-4812-A864-421C167A89E1}"
EndProject
Project("{2150E333-8FDC-42A3-9474-1A3956D46DE8}") = "Product", "Product", "{E1128D9B-8D7F-4707-98E9-7BF487470E3C}"
EndProject
Project("{2150E333-8FDC-42A3-9474-1A3956D46DE8}") = "ScheduledJob", "ScheduledJob", "{98331687-EAC6-48E8-962F-8B3F6616040C}"
EndProject
Project("{9A19103F-16F7-4668-BE54-9A1E7A4F7556}") = "Basket.API", "src\Services\Basket.API\Basket.API.csproj", "{0550FB82-43AC-49A6-8393-960C2B555677}"
EndProject
Project("{9A19103F-16F7-4668-BE54-9A1E7A4F7556}") = "Customer.API", "src\Services\Customer.API\Customer.API.csproj", "{4DE3C5AC-5FC4-44D8-8EEF-1FC7EC888693}"
EndProject
Project("{9A19103F-16F7-4668-BE54-9A1E7A4F7556}") = "Product.API", "src\Services\Product.API\Product.API.csproj", "{AC0D8E62-AD08-4C1F-AAD5-00BC62BCE5B4}"
EndProject
Project("{9A19103F-16F7-4668-BE54-9A1E7A4F7556}") = "Hangfire.API", "src\Services\Hangfire.API\Hangfire.API.csproj", "{366A091F-75DB-4637-9639-057F2BDF7080}"
EndProject
Project("{9A19103F-16F7-4668-BE54-9A1E7A4F7556}") = "Contracts", "src\BuildingBlocks\Contracts\Contracts.csproj", "{2C194864-37E1-46AA-B8DD-1D4A685C6922}"
EndProject
Project("{9A19103F-16F7-4668-BE54-9A1E7A4F7556}") = "Infrastructure", "src\BuildingBlocks\Infrastructure\Infrastructure.csproj", "{06076054-B8E7-4785-A775-9127E4AD666A}"
EndProject
Project("{9A19103F-16F7-4668-BE54-9A1E7A4F7556}") = "Shared", "src\BuildingBlocks\Shared\Shared.csproj", "{CFF949DF-BE05-456C-A2FC-30D19990DBBB}"
EndProject
Project("{9A19103F-16F7-4668-BE54-9A1E7A4F7556}") = "OcelotApiGw", "src\ApiGateways\OcelotApiGw\OcelotApiGw.csproj", "{BEC5738D-AC7C-4EEF-90FC-1D36298FAE2E}"
EndProject
Project("{9A19103F-16F7-4668-BE54-9A1E7A4F7556}") = "Ordering.API", "src\Services\Ordering\Ordering.API\Ordering.API.csproj", "{F4D71BEF-8EC6-4887-BABC-B2AB7D9CC6BE}"
EndProject
Project("{9A19103F-16F7-4668-BE54-9A1E7A4F7556}") = "Ordering.Application", "src\Services\Ordering\Ordering.Application\Ordering.Application.csproj", "{53A45B84-1718-4B9B-BC03-6D635D5E4C6F}"
EndProject
Project("{9A19103F-16F7-4668-BE54-9A1E7A4F7556}") = "Ordering.Domain", "src\Services\Ordering\Ordering.Domain\Ordering.Domain.csproj", "{C24F0CD7-5023-413B-8786-9501A9D24E56}"
EndProject
Project("{9A19103F-16F7-4668-BE54-9A1E7A4F7556}") = "Ordering.Infrastructure", "src\Services\Ordering\Ordering.Infrastructure\Ordering.Infrastructure.csproj", "{5D5C228F-3083-4A8B-825F-ACFCEBAB6C90}"
EndProject
Project("{2150E333-8FDC-42A3-9474-1A3956D46DE8}") = "EventBus", "EventBus", "{AA5C75C9-7EBB-4B9E-A2C4-93E7C7142C09}"
EndProject
Project("{9A19103F-16F7-4668-BE54-9A1E7A4F7556}") = "EvenBus.Messages", "src\BuildingBlocks\EventBus\EvenBus.Messages\EvenBus.Messages.csproj", "{290DFA01-9A45-4A79-AA11-DD6AE3141380}"
EndProject
Project("{9A19103F-16F7-4668-BE54-9A1E7A4F7556}") = "Inventory.Product.API", "src\Services\Inventory.API\Inventory.Product.API\Inventory.Product.API.csproj", "{41AA2F2B-DB60-4E8A-9A61-9FE555A9372D}"
EndProject
Project("{9A19103F-16F7-4668-BE54-9A1E7A4F7556}") = "Inventory.Grpc", "src\Services\Inventory.API\Inventory.Grpc\Inventory.Grpc.csproj", "{354287D2-6AB2-404F-BFDE-DCED408DF9A2}"
EndProject
Global
	GlobalSection(SolutionConfigurationPlatforms) = preSolution
		Debug|Any CPU = Debug|Any CPU
		Release|Any CPU = Release|Any CPU
	EndGlobalSection
	GlobalSection(ProjectConfigurationPlatforms) = postSolution
		{C831E381-E5C7-493E-98EB-FF22D15CDC06}.Debug|Any CPU.ActiveCfg = Debug|Any CPU
		{C831E381-E5C7-493E-98EB-FF22D15CDC06}.Debug|Any CPU.Build.0 = Debug|Any CPU
		{C831E381-E5C7-493E-98EB-FF22D15CDC06}.Release|Any CPU.ActiveCfg = Release|Any CPU
		{C831E381-E5C7-493E-98EB-FF22D15CDC06}.Release|Any CPU.Build.0 = Release|Any CPU
		{26488D5B-96C2-4A6D-9A28-065A7E2602AF}.Debug|Any CPU.ActiveCfg = Debug|Any CPU
		{26488D5B-96C2-4A6D-9A28-065A7E2602AF}.Debug|Any CPU.Build.0 = Debug|Any CPU
		{26488D5B-96C2-4A6D-9A28-065A7E2602AF}.Release|Any CPU.ActiveCfg = Release|Any CPU
		{26488D5B-96C2-4A6D-9A28-065A7E2602AF}.Release|Any CPU.Build.0 = Release|Any CPU
		{0550FB82-43AC-49A6-8393-960C2B555677}.Debug|Any CPU.ActiveCfg = Debug|Any CPU
		{0550FB82-43AC-49A6-8393-960C2B555677}.Debug|Any CPU.Build.0 = Debug|Any CPU
		{0550FB82-43AC-49A6-8393-960C2B555677}.Release|Any CPU.ActiveCfg = Release|Any CPU
		{0550FB82-43AC-49A6-8393-960C2B555677}.Release|Any CPU.Build.0 = Release|Any CPU
		{4DE3C5AC-5FC4-44D8-8EEF-1FC7EC888693}.Debug|Any CPU.ActiveCfg = Debug|Any CPU
		{4DE3C5AC-5FC4-44D8-8EEF-1FC7EC888693}.Debug|Any CPU.Build.0 = Debug|Any CPU
		{4DE3C5AC-5FC4-44D8-8EEF-1FC7EC888693}.Release|Any CPU.ActiveCfg = Release|Any CPU
		{4DE3C5AC-5FC4-44D8-8EEF-1FC7EC888693}.Release|Any CPU.Build.0 = Release|Any CPU
		{AC0D8E62-AD08-4C1F-AAD5-00BC62BCE5B4}.Debug|Any CPU.ActiveCfg = Debug|Any CPU
		{AC0D8E62-AD08-4C1F-AAD5-00BC62BCE5B4}.Debug|Any CPU.Build.0 = Debug|Any CPU
		{AC0D8E62-AD08-4C1F-AAD5-00BC62BCE5B4}.Release|Any CPU.ActiveCfg = Release|Any CPU
		{AC0D8E62-AD08-4C1F-AAD5-00BC62BCE5B4}.Release|Any CPU.Build.0 = Release|Any CPU
		{366A091F-75DB-4637-9639-057F2BDF7080}.Debug|Any CPU.ActiveCfg = Debug|Any CPU
		{366A091F-75DB-4637-9639-057F2BDF7080}.Debug|Any CPU.Build.0 = Debug|Any CPU
		{366A091F-75DB-4637-9639-057F2BDF7080}.Release|Any CPU.ActiveCfg = Release|Any CPU
		{366A091F-75DB-4637-9639-057F2BDF7080}.Release|Any CPU.Build.0 = Release|Any CPU
		{2C194864-37E1-46AA-B8DD-1D4A685C6922}.Debug|Any CPU.ActiveCfg = Debug|Any CPU
		{2C194864-37E1-46AA-B8DD-1D4A685C6922}.Debug|Any CPU.Build.0 = Debug|Any CPU
		{2C194864-37E1-46AA-B8DD-1D4A685C6922}.Release|Any CPU.ActiveCfg = Release|Any CPU
		{2C194864-37E1-46AA-B8DD-1D4A685C6922}.Release|Any CPU.Build.0 = Release|Any CPU
		{06076054-B8E7-4785-A775-9127E4AD666A}.Debug|Any CPU.ActiveCfg = Debug|Any CPU
		{06076054-B8E7-4785-A775-9127E4AD666A}.Debug|Any CPU.Build.0 = Debug|Any CPU
		{06076054-B8E7-4785-A775-9127E4AD666A}.Release|Any CPU.ActiveCfg = Release|Any CPU
		{06076054-B8E7-4785-A775-9127E4AD666A}.Release|Any CPU.Build.0 = Release|Any CPU
		{CFF949DF-BE05-456C-A2FC-30D19990DBBB}.Debug|Any CPU.ActiveCfg = Debug|Any CPU
		{CFF949DF-BE05-456C-A2FC-30D19990DBBB}.Debug|Any CPU.Build.0 = Debug|Any CPU
		{CFF949DF-BE05-456C-A2FC-30D19990DBBB}.Release|Any CPU.ActiveCfg = Release|Any CPU
		{CFF949DF-BE05-456C-A2FC-30D19990DBBB}.Release|Any CPU.Build.0 = Release|Any CPU
		{BEC5738D-AC7C-4EEF-90FC-1D36298FAE2E}.Debug|Any CPU.ActiveCfg = Debug|Any CPU
		{BEC5738D-AC7C-4EEF-90FC-1D36298FAE2E}.Debug|Any CPU.Build.0 = Debug|Any CPU
		{BEC5738D-AC7C-4EEF-90FC-1D36298FAE2E}.Release|Any CPU.ActiveCfg = Release|Any CPU
		{BEC5738D-AC7C-4EEF-90FC-1D36298FAE2E}.Release|Any CPU.Build.0 = Release|Any CPU
		{F4D71BEF-8EC6-4887-BABC-B2AB7D9CC6BE}.Debug|Any CPU.ActiveCfg = Debug|Any CPU
		{F4D71BEF-8EC6-4887-BABC-B2AB7D9CC6BE}.Debug|Any CPU.Build.0 = Debug|Any CPU
		{F4D71BEF-8EC6-4887-BABC-B2AB7D9CC6BE}.Release|Any CPU.ActiveCfg = Release|Any CPU
		{F4D71BEF-8EC6-4887-BABC-B2AB7D9CC6BE}.Release|Any CPU.Build.0 = Release|Any CPU
		{53A45B84-1718-4B9B-BC03-6D635D5E4C6F}.Debug|Any CPU.ActiveCfg = Debug|Any CPU
		{53A45B84-1718-4B9B-BC03-6D635D5E4C6F}.Debug|Any CPU.Build.0 = Debug|Any CPU
		{53A45B84-1718-4B9B-BC03-6D635D5E4C6F}.Release|Any CPU.ActiveCfg = Release|Any CPU
		{53A45B84-1718-4B9B-BC03-6D635D5E4C6F}.Release|Any CPU.Build.0 = Release|Any CPU
		{C24F0CD7-5023-413B-8786-9501A9D24E56}.Debug|Any CPU.ActiveCfg = Debug|Any CPU
		{C24F0CD7-5023-413B-8786-9501A9D24E56}.Debug|Any CPU.Build.0 = Debug|Any CPU
		{C24F0CD7-5023-413B-8786-9501A9D24E56}.Release|Any CPU.ActiveCfg = Release|Any CPU
		{C24F0CD7-5023-413B-8786-9501A9D24E56}.Release|Any CPU.Build.0 = Release|Any CPU
		{5D5C228F-3083-4A8B-825F-ACFCEBAB6C90}.Debug|Any CPU.ActiveCfg = Debug|Any CPU
		{5D5C228F-3083-4A8B-825F-ACFCEBAB6C90}.Debug|Any CPU.Build.0 = Debug|Any CPU
		{5D5C228F-3083-4A8B-825F-ACFCEBAB6C90}.Release|Any CPU.ActiveCfg = Release|Any CPU
		{5D5C228F-3083-4A8B-825F-ACFCEBAB6C90}.Release|Any CPU.Build.0 = Release|Any CPU
		{290DFA01-9A45-4A79-AA11-DD6AE3141380}.Debug|Any CPU.ActiveCfg = Debug|Any CPU
		{290DFA01-9A45-4A79-AA11-DD6AE3141380}.Debug|Any CPU.Build.0 = Debug|Any CPU
		{290DFA01-9A45-4A79-AA11-DD6AE3141380}.Release|Any CPU.ActiveCfg = Release|Any CPU
		{290DFA01-9A45-4A79-AA11-DD6AE3141380}.Release|Any CPU.Build.0 = Release|Any CPU
		{41AA2F2B-DB60-4E8A-9A61-9FE555A9372D}.Debug|Any CPU.ActiveCfg = Debug|Any CPU
		{41AA2F2B-DB60-4E8A-9A61-9FE555A9372D}.Debug|Any CPU.Build.0 = Debug|Any CPU
		{41AA2F2B-DB60-4E8A-9A61-9FE555A9372D}.Release|Any CPU.ActiveCfg = Release|Any CPU
		{41AA2F2B-DB60-4E8A-9A61-9FE555A9372D}.Release|Any CPU.Build.0 = Release|Any CPU
		{354287D2-6AB2-404F-BFDE-DCED408DF9A2}.Debug|Any CPU.ActiveCfg = Debug|Any CPU
		{354287D2-6AB2-404F-BFDE-DCED408DF9A2}.Debug|Any CPU.Build.0 = Debug|Any CPU
		{354287D2-6AB2-404F-BFDE-DCED408DF9A2}.Release|Any CPU.ActiveCfg = Release|Any CPU
		{354287D2-6AB2-404F-BFDE-DCED408DF9A2}.Release|Any CPU.Build.0 = Release|Any CPU
	EndGlobalSection
	GlobalSection(SolutionProperties) = preSolution
		HideSolutionNode = FALSE
	EndGlobalSection
	GlobalSection(NestedProjects) = preSolution
		{3ECC9F6E-95C6-4D53-8C0D-A399128C9878} = {660E5F04-7CF6-46BF-A041-570A53AA8B94}
		{C118B541-2674-4F08-A833-E6986CFD4187} = {660E5F04-7CF6-46BF-A041-570A53AA8B94}
		{AB149671-8AE5-49D2-9901-8EB72FFA64E6} = {660E5F04-7CF6-46BF-A041-570A53AA8B94}
		{69814212-5ABA-4A6B-AA22-36ECCE9FFF43} = {660E5F04-7CF6-46BF-A041-570A53AA8B94}
		{C831E381-E5C7-493E-98EB-FF22D15CDC06} = {C118B541-2674-4F08-A833-E6986CFD4187}
		{26488D5B-96C2-4A6D-9A28-065A7E2602AF} = {69814212-5ABA-4A6B-AA22-36ECCE9FFF43}
		{28769F4F-271B-42E6-B7BE-727079F9508A} = {AB149671-8AE5-49D2-9901-8EB72FFA64E6}
		{D4D1857A-90E1-46C6-907C-1FE5183490BA} = {AB149671-8AE5-49D2-9901-8EB72FFA64E6}
		{7DDD60A6-11F0-4AED-BED3-12E89805C406} = {AB149671-8AE5-49D2-9901-8EB72FFA64E6}
		{D85E7259-2E0B-4812-A864-421C167A89E1} = {AB149671-8AE5-49D2-9901-8EB72FFA64E6}
		{E1128D9B-8D7F-4707-98E9-7BF487470E3C} = {AB149671-8AE5-49D2-9901-8EB72FFA64E6}
		{98331687-EAC6-48E8-962F-8B3F6616040C} = {AB149671-8AE5-49D2-9901-8EB72FFA64E6}
		{0550FB82-43AC-49A6-8393-960C2B555677} = {28769F4F-271B-42E6-B7BE-727079F9508A}
		{4DE3C5AC-5FC4-44D8-8EEF-1FC7EC888693} = {D4D1857A-90E1-46C6-907C-1FE5183490BA}
		{AC0D8E62-AD08-4C1F-AAD5-00BC62BCE5B4} = {E1128D9B-8D7F-4707-98E9-7BF487470E3C}
		{366A091F-75DB-4637-9639-057F2BDF7080} = {98331687-EAC6-48E8-962F-8B3F6616040C}
		{2C194864-37E1-46AA-B8DD-1D4A685C6922} = {C118B541-2674-4F08-A833-E6986CFD4187}
		{06076054-B8E7-4785-A775-9127E4AD666A} = {C118B541-2674-4F08-A833-E6986CFD4187}
		{CFF949DF-BE05-456C-A2FC-30D19990DBBB} = {C118B541-2674-4F08-A833-E6986CFD4187}
		{BEC5738D-AC7C-4EEF-90FC-1D36298FAE2E} = {3ECC9F6E-95C6-4D53-8C0D-A399128C9878}
		{F4D71BEF-8EC6-4887-BABC-B2AB7D9CC6BE} = {D85E7259-2E0B-4812-A864-421C167A89E1}
		{53A45B84-1718-4B9B-BC03-6D635D5E4C6F} = {D85E7259-2E0B-4812-A864-421C167A89E1}
		{C24F0CD7-5023-413B-8786-9501A9D24E56} = {D85E7259-2E0B-4812-A864-421C167A89E1}
		{5D5C228F-3083-4A8B-825F-ACFCEBAB6C90} = {D85E7259-2E0B-4812-A864-421C167A89E1}
		{AA5C75C9-7EBB-4B9E-A2C4-93E7C7142C09} = {C118B541-2674-4F08-A833-E6986CFD4187}
		{290DFA01-9A45-4A79-AA11-DD6AE3141380} = {AA5C75C9-7EBB-4B9E-A2C4-93E7C7142C09}
		{41AA2F2B-DB60-4E8A-9A61-9FE555A9372D} = {7DDD60A6-11F0-4AED-BED3-12E89805C406}
		{354287D2-6AB2-404F-BFDE-DCED408DF9A2} = {7DDD60A6-11F0-4AED-BED3-12E89805C406}
	EndGlobalSection
	GlobalSection(ExtensibilityGlobals) = postSolution
		SolutionGuid = {114588C3-BADA-4A8D-AAD3-1CB15EA7C2F7}
	EndGlobalSection
EndGlobal
