Microsoft Visual Studio Solution File, Format Version 12.00
# Visual Studio Version 17
VisualStudioVersion = 17.5.2.0
MinimumVisualStudioVersion = 10.0.40219.1
Project("{2150E333-8FDC-42A3-9474-1A3956D46DE8}") = "ApiGateways", "ApiGateways", "{8450CF56-5DC7-366A-AE0A-4A8614F474CF}"
EndProject
Project("{2150E333-8FDC-42A3-9474-1A3956D46DE8}") = "BuildingBlocks", "BuildingBlocks", "{7266C4A9-E384-DC00-0EB6-47F6002CFBA7}"
EndProject
Project("{2150E333-8FDC-42A3-9474-1A3956D46DE8}") = "Services", "Services", "{5854FF58-B8C5-05C6-5BF2-ACE42193F22B}"
EndProject
Project("{2150E333-8FDC-42A3-9474-1A3956D46DE8}") = "WebApps", "WebApps", "{EAD677E5-AD0E-6F13-EC1D-8BBE0583BABB}"
EndProject
Project("{FAE04EC0-301F-11D3-BF4B-00C04F79EFBC}") = "OcelotApiGw", "ApiGateways\OcelotApiGw\OcelotApiGw.csproj", "{4105B185-0216-8F7A-5738-252A8CC322E4}"
EndProject
Project("{FAE04EC0-301F-11D3-BF4B-00C04F79EFBC}") = "Common.Logging", "BuildingBlocks\Common.Logging\Common.Logging.csproj", "{16DA4C28-EEF4-7CB4-D2C6-5987713014C6}"
EndProject
Project("{FAE04EC0-301F-11D3-BF4B-00C04F79EFBC}") = "Contracts", "BuildingBlocks\Contracts\Contracts.csproj", "{C3AB7407-8DE7-538E-2405-CA99F73B0347}"
EndProject
Project("{FAE04EC0-301F-11D3-BF4B-00C04F79EFBC}") = "Infrastructure", "BuildingBlocks\Infrastructure\Infrastructure.csproj", "{E89B51E9-AEF2-BD5F-DD32-25725B0279B5}"
EndProject
Project("{FAE04EC0-301F-11D3-BF4B-00C04F79EFBC}") = "Shared", "BuildingBlocks\Shared\Shared.csproj", "{C815FBBF-10BB-A3BD-335A-D8CD3D742AF3}"
EndProject
Project("{FAE04EC0-301F-11D3-BF4B-00C04F79EFBC}") = "Basket.API", "Services\Basket.API\Basket.API.csproj", "{EFE39741-07E3-C133-6CC5-8B9A81CC4175}"
EndProject
Project("{FAE04EC0-301F-11D3-BF4B-00C04F79EFBC}") = "Customer.API", "Services\Customer.API\Customer.API.csproj", "{E421D843-8DEA-7764-D52C-75146CEB935E}"
EndProject
Project("{FAE04EC0-301F-11D3-BF4B-00C04F79EFBC}") = "Hangfire.API", "Services\Hangfire.API\Hangfire.API.csproj", "{C13B5E88-D141-7E16-FFF3-1A15275C4882}"
EndProject
Project("{FAE04EC0-301F-11D3-BF4B-00C04F79EFBC}") = "Product.API", "Services\Product.API\Product.API.csproj", "{9C6C2E61-628E-B4EB-D1F2-0463FA7FC396}"
EndProject
Project("{FAE04EC0-301F-11D3-BF4B-00C04F79EFBC}") = "WebHealthStatus", "WebApps\WebHealthStatus\WebHealthStatus.csproj", "{02BFF429-5686-A171-633C-FB90C960708E}"
EndProject
Project("{2150E333-8FDC-42A3-9474-1A3956D46DE8}") = "EventBus", "EventBus", "{3864E4F5-7048-5D2C-5A53-24342D34F795}"
EndProject
Project("{FAE04EC0-301F-11D3-BF4B-00C04F79EFBC}") = "EvenBus.Messages", "BuildingBlocks\EventBus\EvenBus.Messages\EvenBus.Messages.csproj", "{924297C9-CA13-64F8-BB51-539D1F7B7C30}"
EndProject
Project("{2150E333-8FDC-42A3-9474-1A3956D46DE8}") = "Inventory", "Inventory", "{E968773F-A3F0-8B5A-CFB8-BE121AA8E63F}"
EndProject
Project("{FAE04EC0-301F-11D3-BF4B-00C04F79EFBC}") = "Inventory.Grpc", "Services\Inventory\Inventory.Grpc\Inventory.Grpc.csproj", "{06605BF4-31E4-EF48-3E9A-76F66C96699D}"
EndProject
Project("{FAE04EC0-301F-11D3-BF4B-00C04F79EFBC}") = "Inventory.Product.API", "Services\Inventory\Inventory.Product.API\Inventory.Product.API.csproj", "{B111F9E0-21A8-4850-13A0-372706593D30}"
EndProject
Project("{2150E333-8FDC-42A3-9474-1A3956D46DE8}") = "Ordering", "Ordering", "{3BAACA43-EC64-C367-9FAA-9C38067293A8}"
EndProject
Project("{FAE04EC0-301F-11D3-BF4B-00C04F79EFBC}") = "Ordering.API", "Services\Ordering\Ordering.API\Ordering.API.csproj", "{F18CBF71-D1A1-6332-2E48-B7E2DBC30EA5}"
EndProject
Project("{FAE04EC0-301F-11D3-BF4B-00C04F79EFBC}") = "Ordering.Application", "Services\Ordering\Ordering.Application\Ordering.Application.csproj", "{6E8AD615-B886-71E4-A850-80B639B79D24}"
EndProject
Project("{FAE04EC0-301F-11D3-BF4B-00C04F79EFBC}") = "Ordering.Domain", "Services\Ordering\Ordering.Domain\Ordering.Domain.csproj", "{066FDE78-4996-BE3D-BC3E-8EB4D9C32329}"
EndProject
Project("{FAE04EC0-301F-11D3-BF4B-00C04F79EFBC}") = "Ordering.Infrastructure", "Services\Ordering\Ordering.Infrastructure\Ordering.Infrastructure.csproj", "{8D6331C5-72A6-DEFA-2B59-5F115C5D739E}"
EndProject
Global
	GlobalSection(SolutionConfigurationPlatforms) = preSolution
		Debug|Any CPU = Debug|Any CPU
		Release|Any CPU = Release|Any CPU
	EndGlobalSection
	GlobalSection(ProjectConfigurationPlatforms) = postSolution
		{4105B185-0216-8F7A-5738-252A8CC322E4}.Debug|Any CPU.ActiveCfg = Debug|Any CPU
		{4105B185-0216-8F7A-5738-252A8CC322E4}.Debug|Any CPU.Build.0 = Debug|Any CPU
		{4105B185-0216-8F7A-5738-252A8CC322E4}.Release|Any CPU.ActiveCfg = Release|Any CPU
		{4105B185-0216-8F7A-5738-252A8CC322E4}.Release|Any CPU.Build.0 = Release|Any CPU
		{16DA4C28-EEF4-7CB4-D2C6-5987713014C6}.Debug|Any CPU.ActiveCfg = Debug|Any CPU
		{16DA4C28-EEF4-7CB4-D2C6-5987713014C6}.Debug|Any CPU.Build.0 = Debug|Any CPU
		{16DA4C28-EEF4-7CB4-D2C6-5987713014C6}.Release|Any CPU.ActiveCfg = Release|Any CPU
		{16DA4C28-EEF4-7CB4-D2C6-5987713014C6}.Release|Any CPU.Build.0 = Release|Any CPU
		{C3AB7407-8DE7-538E-2405-CA99F73B0347}.Debug|Any CPU.ActiveCfg = Debug|Any CPU
		{C3AB7407-8DE7-538E-2405-CA99F73B0347}.Debug|Any CPU.Build.0 = Debug|Any CPU
		{C3AB7407-8DE7-538E-2405-CA99F73B0347}.Release|Any CPU.ActiveCfg = Release|Any CPU
		{C3AB7407-8DE7-538E-2405-CA99F73B0347}.Release|Any CPU.Build.0 = Release|Any CPU
		{E89B51E9-AEF2-BD5F-DD32-25725B0279B5}.Debug|Any CPU.ActiveCfg = Debug|Any CPU
		{E89B51E9-AEF2-BD5F-DD32-25725B0279B5}.Debug|Any CPU.Build.0 = Debug|Any CPU
		{E89B51E9-AEF2-BD5F-DD32-25725B0279B5}.Release|Any CPU.ActiveCfg = Release|Any CPU
		{E89B51E9-AEF2-BD5F-DD32-25725B0279B5}.Release|Any CPU.Build.0 = Release|Any CPU
		{C815FBBF-10BB-A3BD-335A-D8CD3D742AF3}.Debug|Any CPU.ActiveCfg = Debug|Any CPU
		{C815FBBF-10BB-A3BD-335A-D8CD3D742AF3}.Debug|Any CPU.Build.0 = Debug|Any CPU
		{C815FBBF-10BB-A3BD-335A-D8CD3D742AF3}.Release|Any CPU.ActiveCfg = Release|Any CPU
		{C815FBBF-10BB-A3BD-335A-D8CD3D742AF3}.Release|Any CPU.Build.0 = Release|Any CPU
		{EFE39741-07E3-C133-6CC5-8B9A81CC4175}.Debug|Any CPU.ActiveCfg = Debug|Any CPU
		{EFE39741-07E3-C133-6CC5-8B9A81CC4175}.Debug|Any CPU.Build.0 = Debug|Any CPU
		{EFE39741-07E3-C133-6CC5-8B9A81CC4175}.Release|Any CPU.ActiveCfg = Release|Any CPU
		{EFE39741-07E3-C133-6CC5-8B9A81CC4175}.Release|Any CPU.Build.0 = Release|Any CPU
		{E421D843-8DEA-7764-D52C-75146CEB935E}.Debug|Any CPU.ActiveCfg = Debug|Any CPU
		{E421D843-8DEA-7764-D52C-75146CEB935E}.Debug|Any CPU.Build.0 = Debug|Any CPU
		{E421D843-8DEA-7764-D52C-75146CEB935E}.Release|Any CPU.ActiveCfg = Release|Any CPU
		{E421D843-8DEA-7764-D52C-75146CEB935E}.Release|Any CPU.Build.0 = Release|Any CPU
		{C13B5E88-D141-7E16-FFF3-1A15275C4882}.Debug|Any CPU.ActiveCfg = Debug|Any CPU
		{C13B5E88-D141-7E16-FFF3-1A15275C4882}.Debug|Any CPU.Build.0 = Debug|Any CPU
		{C13B5E88-D141-7E16-FFF3-1A15275C4882}.Release|Any CPU.ActiveCfg = Release|Any CPU
		{C13B5E88-D141-7E16-FFF3-1A15275C4882}.Release|Any CPU.Build.0 = Release|Any CPU
		{9C6C2E61-628E-B4EB-D1F2-0463FA7FC396}.Debug|Any CPU.ActiveCfg = Debug|Any CPU
		{9C6C2E61-628E-B4EB-D1F2-0463FA7FC396}.Debug|Any CPU.Build.0 = Debug|Any CPU
		{9C6C2E61-628E-B4EB-D1F2-0463FA7FC396}.Release|Any CPU.ActiveCfg = Release|Any CPU
		{9C6C2E61-628E-B4EB-D1F2-0463FA7FC396}.Release|Any CPU.Build.0 = Release|Any CPU
		{02BFF429-5686-A171-633C-FB90C960708E}.Debug|Any CPU.ActiveCfg = Debug|Any CPU
		{02BFF429-5686-A171-633C-FB90C960708E}.Debug|Any CPU.Build.0 = Debug|Any CPU
		{02BFF429-5686-A171-633C-FB90C960708E}.Release|Any CPU.ActiveCfg = Release|Any CPU
		{02BFF429-5686-A171-633C-FB90C960708E}.Release|Any CPU.Build.0 = Release|Any CPU
		{924297C9-CA13-64F8-BB51-539D1F7B7C30}.Debug|Any CPU.ActiveCfg = Debug|Any CPU
		{924297C9-CA13-64F8-BB51-539D1F7B7C30}.Debug|Any CPU.Build.0 = Debug|Any CPU
		{924297C9-CA13-64F8-BB51-539D1F7B7C30}.Release|Any CPU.ActiveCfg = Release|Any CPU
		{924297C9-CA13-64F8-BB51-539D1F7B7C30}.Release|Any CPU.Build.0 = Release|Any CPU
		{06605BF4-31E4-EF48-3E9A-76F66C96699D}.Debug|Any CPU.ActiveCfg = Debug|Any CPU
		{06605BF4-31E4-EF48-3E9A-76F66C96699D}.Debug|Any CPU.Build.0 = Debug|Any CPU
		{06605BF4-31E4-EF48-3E9A-76F66C96699D}.Release|Any CPU.ActiveCfg = Release|Any CPU
		{06605BF4-31E4-EF48-3E9A-76F66C96699D}.Release|Any CPU.Build.0 = Release|Any CPU
		{B111F9E0-21A8-4850-13A0-372706593D30}.Debug|Any CPU.ActiveCfg = Debug|Any CPU
		{B111F9E0-21A8-4850-13A0-372706593D30}.Debug|Any CPU.Build.0 = Debug|Any CPU
		{B111F9E0-21A8-4850-13A0-372706593D30}.Release|Any CPU.ActiveCfg = Release|Any CPU
		{B111F9E0-21A8-4850-13A0-372706593D30}.Release|Any CPU.Build.0 = Release|Any CPU
		{F18CBF71-D1A1-6332-2E48-B7E2DBC30EA5}.Debug|Any CPU.ActiveCfg = Debug|Any CPU
		{F18CBF71-D1A1-6332-2E48-B7E2DBC30EA5}.Debug|Any CPU.Build.0 = Debug|Any CPU
		{F18CBF71-D1A1-6332-2E48-B7E2DBC30EA5}.Release|Any CPU.ActiveCfg = Release|Any CPU
		{F18CBF71-D1A1-6332-2E48-B7E2DBC30EA5}.Release|Any CPU.Build.0 = Release|Any CPU
		{6E8AD615-B886-71E4-A850-80B639B79D24}.Debug|Any CPU.ActiveCfg = Debug|Any CPU
		{6E8AD615-B886-71E4-A850-80B639B79D24}.Debug|Any CPU.Build.0 = Debug|Any CPU
		{6E8AD615-B886-71E4-A850-80B639B79D24}.Release|Any CPU.ActiveCfg = Release|Any CPU
		{6E8AD615-B886-71E4-A850-80B639B79D24}.Release|Any CPU.Build.0 = Release|Any CPU
		{066FDE78-4996-BE3D-BC3E-8EB4D9C32329}.Debug|Any CPU.ActiveCfg = Debug|Any CPU
		{066FDE78-4996-BE3D-BC3E-8EB4D9C32329}.Debug|Any CPU.Build.0 = Debug|Any CPU
		{066FDE78-4996-BE3D-BC3E-8EB4D9C32329}.Release|Any CPU.ActiveCfg = Release|Any CPU
		{066FDE78-4996-BE3D-BC3E-8EB4D9C32329}.Release|Any CPU.Build.0 = Release|Any CPU
		{8D6331C5-72A6-DEFA-2B59-5F115C5D739E}.Debug|Any CPU.ActiveCfg = Debug|Any CPU
		{8D6331C5-72A6-DEFA-2B59-5F115C5D739E}.Debug|Any CPU.Build.0 = Debug|Any CPU
		{8D6331C5-72A6-DEFA-2B59-5F115C5D739E}.Release|Any CPU.ActiveCfg = Release|Any CPU
		{8D6331C5-72A6-DEFA-2B59-5F115C5D739E}.Release|Any CPU.Build.0 = Release|Any CPU
	EndGlobalSection
	GlobalSection(SolutionProperties) = preSolution
		HideSolutionNode = FALSE
	EndGlobalSection
	GlobalSection(NestedProjects) = preSolution
		{4105B185-0216-8F7A-5738-252A8CC322E4} = {8450CF56-5DC7-366A-AE0A-4A8614F474CF}
		{16DA4C28-EEF4-7CB4-D2C6-5987713014C6} = {7266C4A9-E384-DC00-0EB6-47F6002CFBA7}
		{C3AB7407-8DE7-538E-2405-CA99F73B0347} = {7266C4A9-E384-DC00-0EB6-47F6002CFBA7}
		{E89B51E9-AEF2-BD5F-DD32-25725B0279B5} = {7266C4A9-E384-DC00-0EB6-47F6002CFBA7}
		{C815FBBF-10BB-A3BD-335A-D8CD3D742AF3} = {7266C4A9-E384-DC00-0EB6-47F6002CFBA7}
		{EFE39741-07E3-C133-6CC5-8B9A81CC4175} = {5854FF58-B8C5-05C6-5BF2-ACE42193F22B}
		{E421D843-8DEA-7764-D52C-75146CEB935E} = {5854FF58-B8C5-05C6-5BF2-ACE42193F22B}
		{C13B5E88-D141-7E16-FFF3-1A15275C4882} = {5854FF58-B8C5-05C6-5BF2-ACE42193F22B}
		{9C6C2E61-628E-B4EB-D1F2-0463FA7FC396} = {5854FF58-B8C5-05C6-5BF2-ACE42193F22B}
		{02BFF429-5686-A171-633C-FB90C960708E} = {EAD677E5-AD0E-6F13-EC1D-8BBE0583BABB}
		{3864E4F5-7048-5D2C-5A53-24342D34F795} = {7266C4A9-E384-DC00-0EB6-47F6002CFBA7}
		{924297C9-CA13-64F8-BB51-539D1F7B7C30} = {3864E4F5-7048-5D2C-5A53-24342D34F795}
		{E968773F-A3F0-8B5A-CFB8-BE121AA8E63F} = {5854FF58-B8C5-05C6-5BF2-ACE42193F22B}
		{06605BF4-31E4-EF48-3E9A-76F66C96699D} = {E968773F-A3F0-8B5A-CFB8-BE121AA8E63F}
		{B111F9E0-21A8-4850-13A0-372706593D30} = {E968773F-A3F0-8B5A-CFB8-BE121AA8E63F}
		{3BAACA43-EC64-C367-9FAA-9C38067293A8} = {5854FF58-B8C5-05C6-5BF2-ACE42193F22B}
		{F18CBF71-D1A1-6332-2E48-B7E2DBC30EA5} = {3BAACA43-EC64-C367-9FAA-9C38067293A8}
		{6E8AD615-B886-71E4-A850-80B639B79D24} = {3BAACA43-EC64-C367-9FAA-9C38067293A8}
		{066FDE78-4996-BE3D-BC3E-8EB4D9C32329} = {3BAACA43-EC64-C367-9FAA-9C38067293A8}
		{8D6331C5-72A6-DEFA-2B59-5F115C5D739E} = {3BAACA43-EC64-C367-9FAA-9C38067293A8}
	EndGlobalSection
	GlobalSection(ExtensibilityGlobals) = postSolution
		SolutionGuid = {8DA9BFA5-5C6C-4311-AC32-29C12B9E9F1D}
	EndGlobalSection
EndGlobal
